
Microsoft Visual Studio Solution File, Format Version 12.00
# Visual Studio Version 17
VisualStudioVersion = 17.6.33712.159
MinimumVisualStudioVersion = 10.0.40219.1
Project("{8BC9CEB8-8B4A-11D0-8D11-00A0C91BC942}") = "Homework 24", "Homework 24\Homework 24.vcxproj", "{A4FD1BDB-ACE7-49DE-88B0-FAE788339A0F}"
EndProject
Global
	GlobalSection(SolutionConfigurationPlatforms) = preSolution
		Debug|x64 = Debug|x64
		Debug|x86 = Debug|x86
		Release|x64 = Release|x64
		Release|x86 = Release|x86
	EndGlobalSection
	GlobalSection(ProjectConfigurationPlatforms) = postSolution
		{A4FD1BDB-ACE7-49DE-88B0-FAE788339A0F}.Debug|x64.ActiveCfg = Debug|x64
		{A4FD1BDB-ACE7-49DE-88B0-FAE788339A0F}.Debug|x64.Build.0 = Debug|x64
		{A4FD1BDB-ACE7-49DE-88B0-FAE788339A0F}.Debug|x86.ActiveCfg = Debug|Win32
		{A4FD1BDB-ACE7-49DE-88B0-FAE788339A0F}.Debug|x86.Build.0 = Debug|Win32
		{A4FD1BDB-ACE7-49DE-88B0-FAE788339A0F}.Release|x64.ActiveCfg = Release|x64
		{A4FD1BDB-ACE7-49DE-88B0-FAE788339A0F}.Release|x64.Build.0 = Release|x64
		{A4FD1BDB-ACE7-49DE-88B0-FAE788339A0F}.Release|x86.ActiveCfg = Release|Win32
		{A4FD1BDB-ACE7-49DE-88B0-FAE788339A0F}.Release|x86.Build.0 = Release|Win32
	EndGlobalSection
	GlobalSection(SolutionProperties) = preSolution
		HideSolutionNode = FALSE
	EndGlobalSection
	GlobalSection(ExtensibilityGlobals) = postSolution
		SolutionGuid = {E2EB36A1-A626-4AE2-BD7B-7026248D874D}
	EndGlobalSection
EndGlobal
